{
  "name": "lvl_6_ft_transcendence",
  "lockfileVersion": 3,
  "requires": true,
  "packages": {
    "": {
      "dependencies": {
        "@types/js-cookie": "^3.0.3"
      }
    },
    "node_modules/@types/js-cookie": {
      "version": "3.0.3",
      "resolved": "https://registry.npmjs.org/@types/js-cookie/-/js-cookie-3.0.3.tgz",
      "integrity": "sha512-Xe7IImK09HP1sv2M/aI+48a20VX+TdRJucfq4vfRVy6nWN8PYPOEnlMRSgxJAgYQIXJVL8dZ4/ilAM7dWNaOww=="
    }
  }
}
